
Microsoft Visual Studio Solution File, Format Version 12.00
# Visual Studio Version 17
VisualStudioVersion = 17.10.35027.167
MinimumVisualStudioVersion = 10.0.40219.1
Project("{8BC9CEB8-8B4A-11D0-8D11-00A0C91BC942}") = "SudokuSolver", "SudokuSolver\SudokuSolver.vcxproj", "{3FB3E6E3-A8FC-49BE-8293-024E1734D305}"
EndProject
Global
	GlobalSection(SolutionConfigurationPlatforms) = preSolution
		Debug|Any CPU = Debug|Any CPU
		Debug|x64 = Debug|x64
		Debug|x86 = Debug|x86
		Release|Any CPU = Release|Any CPU
		Release|x64 = Release|x64
		Release|x86 = Release|x86
	EndGlobalSection
	GlobalSection(ProjectConfigurationPlatforms) = postSolution
		{3FB3E6E3-A8FC-49BE-8293-024E1734D305}.Debug|Any CPU.ActiveCfg = Debug|x64
		{3FB3E6E3-A8FC-49BE-8293-024E1734D305}.Debug|Any CPU.Build.0 = Debug|x64
		{3FB3E6E3-A8FC-49BE-8293-024E1734D305}.Debug|x64.ActiveCfg = Debug|x64
		{3FB3E6E3-A8FC-49BE-8293-024E1734D305}.Debug|x64.Build.0 = Debug|x64
		{3FB3E6E3-A8FC-49BE-8293-024E1734D305}.Debug|x86.ActiveCfg = Debug|x64
		{3FB3E6E3-A8FC-49BE-8293-024E1734D305}.Debug|x86.Build.0 = Debug|x64
		{3FB3E6E3-A8FC-49BE-8293-024E1734D305}.Release|Any CPU.ActiveCfg = Release|x64
		{3FB3E6E3-A8FC-49BE-8293-024E1734D305}.Release|Any CPU.Build.0 = Release|x64
		{3FB3E6E3-A8FC-49BE-8293-024E1734D305}.Release|x64.ActiveCfg = Release|x64
		{3FB3E6E3-A8FC-49BE-8293-024E1734D305}.Release|x64.Build.0 = Release|x64
		{3FB3E6E3-A8FC-49BE-8293-024E1734D305}.Release|x86.ActiveCfg = Release|x64
		{3FB3E6E3-A8FC-49BE-8293-024E1734D305}.Release|x86.Build.0 = Release|x64
		{B1DD9858-29FA-48C4-ACC6-E77E8F630B3C}.Debug|Any CPU.ActiveCfg = Debug|x64
		{B1DD9858-29FA-48C4-ACC6-E77E8F630B3C}.Debug|Any CPU.Build.0 = Debug|x64
		{B1DD9858-29FA-48C4-ACC6-E77E8F630B3C}.Debug|x64.ActiveCfg = Debug|x64
		{B1DD9858-29FA-48C4-ACC6-E77E8F630B3C}.Debug|x64.Build.0 = Debug|x64
		{B1DD9858-29FA-48C4-ACC6-E77E8F630B3C}.Debug|x86.ActiveCfg = Debug|x64
		{B1DD9858-29FA-48C4-ACC6-E77E8F630B3C}.Debug|x86.Build.0 = Debug|x64
		{B1DD9858-29FA-48C4-ACC6-E77E8F630B3C}.Release|Any CPU.ActiveCfg = Release|x64
		{B1DD9858-29FA-48C4-ACC6-E77E8F630B3C}.Release|Any CPU.Build.0 = Release|x64
		{B1DD9858-29FA-48C4-ACC6-E77E8F630B3C}.Release|x64.ActiveCfg = Release|x64
		{B1DD9858-29FA-48C4-ACC6-E77E8F630B3C}.Release|x64.Build.0 = Release|x64
		{B1DD9858-29FA-48C4-ACC6-E77E8F630B3C}.Release|x86.ActiveCfg = Release|x64
		{B1DD9858-29FA-48C4-ACC6-E77E8F630B3C}.Release|x86.Build.0 = Release|x64
		{7BFCC323-D1C8-48B2-8A41-7140C9FE9D1C}.Debug|Any CPU.ActiveCfg = Debug|x64
		{7BFCC323-D1C8-48B2-8A41-7140C9FE9D1C}.Debug|Any CPU.Build.0 = Debug|x64
		{7BFCC323-D1C8-48B2-8A41-7140C9FE9D1C}.Debug|x64.ActiveCfg = Debug|x64
		{7BFCC323-D1C8-48B2-8A41-7140C9FE9D1C}.Debug|x64.Build.0 = Debug|x64
		{7BFCC323-D1C8-48B2-8A41-7140C9FE9D1C}.Debug|x86.ActiveCfg = Debug|x64
		{7BFCC323-D1C8-48B2-8A41-7140C9FE9D1C}.Debug|x86.Build.0 = Debug|x64
		{7BFCC323-D1C8-48B2-8A41-7140C9FE9D1C}.Release|Any CPU.ActiveCfg = Release|x64
		{7BFCC323-D1C8-48B2-8A41-7140C9FE9D1C}.Release|Any CPU.Build.0 = Release|x64
		{7BFCC323-D1C8-48B2-8A41-7140C9FE9D1C}.Release|x64.ActiveCfg = Release|x64
		{7BFCC323-D1C8-48B2-8A41-7140C9FE9D1C}.Release|x64.Build.0 = Release|x64
		{7BFCC323-D1C8-48B2-8A41-7140C9FE9D1C}.Release|x86.ActiveCfg = Release|x64
		{7BFCC323-D1C8-48B2-8A41-7140C9FE9D1C}.Release|x86.Build.0 = Release|x64
		{0847A8FC-1CE7-470C-807C-03E468E4E2D6}.Debug|Any CPU.ActiveCfg = Debug|x64
		{0847A8FC-1CE7-470C-807C-03E468E4E2D6}.Debug|Any CPU.Build.0 = Debug|x64
		{0847A8FC-1CE7-470C-807C-03E468E4E2D6}.Debug|x64.ActiveCfg = Debug|x64
		{0847A8FC-1CE7-470C-807C-03E468E4E2D6}.Debug|x64.Build.0 = Debug|x64
		{0847A8FC-1CE7-470C-807C-03E468E4E2D6}.Debug|x86.ActiveCfg = Debug|Win32
		{0847A8FC-1CE7-470C-807C-03E468E4E2D6}.Debug|x86.Build.0 = Debug|Win32
		{0847A8FC-1CE7-470C-807C-03E468E4E2D6}.Release|Any CPU.ActiveCfg = Release|x64
		{0847A8FC-1CE7-470C-807C-03E468E4E2D6}.Release|Any CPU.Build.0 = Release|x64
		{0847A8FC-1CE7-470C-807C-03E468E4E2D6}.Release|x64.ActiveCfg = Release|x64
		{0847A8FC-1CE7-470C-807C-03E468E4E2D6}.Release|x64.Build.0 = Release|x64
		{0847A8FC-1CE7-470C-807C-03E468E4E2D6}.Release|x86.ActiveCfg = Release|Win32
		{0847A8FC-1CE7-470C-807C-03E468E4E2D6}.Release|x86.Build.0 = Release|Win32
	EndGlobalSection
	GlobalSection(SolutionProperties) = preSolution
		HideSolutionNode = FALSE
	EndGlobalSection
	GlobalSection(ExtensibilityGlobals) = postSolution
		SolutionGuid = {D042E896-C2C2-4C3B-A69C-124EEB63E74B}
	EndGlobalSection
EndGlobal
